
Microsoft Visual Studio Solution File, Format Version 12.00
# Visual Studio Version 17
VisualStudioVersion = 17.1.32210.238
MinimumVisualStudioVersion = 10.0.40219.1
Project("{FAE04EC0-301F-11D3-BF4B-00C04F79EFBC}") = "SZTF1HF0014_ZRSTHS", "SZTF1HF0014_ZRSTHS\SZTF1HF0014_ZRSTHS.csproj", "{CB153D19-3E3A-452E-81FE-A2277798357F}"
EndProject
Global
	GlobalSection(SolutionConfigurationPlatforms) = preSolution
		Debug|Any CPU = Debug|Any CPU
		Release|Any CPU = Release|Any CPU
	EndGlobalSection
	GlobalSection(ProjectConfigurationPlatforms) = postSolution
		{CB153D19-3E3A-452E-81FE-A2277798357F}.Debug|Any CPU.ActiveCfg = Debug|Any CPU
		{CB153D19-3E3A-452E-81FE-A2277798357F}.Debug|Any CPU.Build.0 = Debug|Any CPU
		{CB153D19-3E3A-452E-81FE-A2277798357F}.Release|Any CPU.ActiveCfg = Release|Any CPU
		{CB153D19-3E3A-452E-81FE-A2277798357F}.Release|Any CPU.Build.0 = Release|Any CPU
	EndGlobalSection
	GlobalSection(SolutionProperties) = preSolution
		HideSolutionNode = FALSE
	EndGlobalSection
	GlobalSection(ExtensibilityGlobals) = postSolution
		SolutionGuid = {0D00F8A7-F916-4B2C-931D-F2F2C2B15049}
	EndGlobalSection
EndGlobal
